# This file is generated by running "yarn install" inside your project.
# Manual changes might be lost - proceed with caution!

__metadata:
  version: 6
  cacheKey: 8

"@hmans/id@npm:^0.0.1":
  version: 0.0.1
  resolution: "@hmans/id@npm:0.0.1"
  checksum: 230f4c1e9eb95cd26948e74889bad11f2cea3542446fc975c1357c7d19133359bf6356735b8aab51baf6f11760e57d7634c9368bc6daea0f3c418dd68477417b
  languageName: node
  linkType: hard

"@hmans/queue@npm:^0.0.1":
  version: 0.0.1
  resolution: "@hmans/queue@npm:0.0.1"
  checksum: d8622136c4afa160567c5ea37f5dcb6b2c1a29f3574f56ea12affa4f6fd05ffd0894c6c677c0a69bd2028df798ef60db2789dcb268e063f0233a4ec4dd7d8d7f
  languageName: node
  linkType: hard

"@javelin/ecs@npm:0.22.0":
  version: 0.22.0
  resolution: "@javelin/ecs@npm:0.22.0"
  checksum: 5c63f98721fc03888e65ba402b9ac15658fe0174e147be24cb37d7b619755cf5e9f9e4f204d7c4c3ef94c011a10c00346c8dd359dc94904407b9652f013e97e1
  languageName: node
  linkType: hard

"@lastolivegames/becsy@npm:0.15.5":
  version: 0.15.5
  resolution: "@lastolivegames/becsy@npm:0.15.5"
  checksum: ef0ea75d5bdd9912e173b2d2e789c7340e15547383b1a1d6e65515262c443b79c30597155c41969d22e992e522ff16972a49a43a323498e76e35e671d1cdf804
  languageName: node
  linkType: hard

"@miniplex/bucket@npm:2.0.0":
  version: 2.0.0
  resolution: "@miniplex/bucket@npm:2.0.0"
  dependencies:
    eventery: ^0.0.4
  checksum: 1af787f75060b5c8120660d8c2f225c60df8ba7abcd3f5869745abf4d184f8a80978ac379164394d7908b55cf843798aca7a82208f7f2152c7de8f56b6e25a82
  languageName: node
  linkType: hard

"@types/node@npm:^22.4.2":
  version: 22.4.2
  resolution: "@types/node@npm:22.4.2"
  dependencies:
    undici-types: ~6.19.2
  checksum: 4eb577b229789aaea50f1b157f615d6b33564e5e1a0b047d347a4b3cd891f04501ecb409f4622847d8cf4ff67482ec2d9b0391bad327ea73fd353b0da972aa82
  languageName: node
  linkType: hard

"ajv@npm:^8.0.1":
  version: 8.17.1
  resolution: "ajv@npm:8.17.1"
  dependencies:
    fast-deep-equal: ^3.1.3
    fast-uri: ^3.0.1
    json-schema-traverse: ^1.0.0
    require-from-string: ^2.0.2
  checksum: 1797bf242cfffbaf3b870d13565bd1716b73f214bb7ada9a497063aada210200da36e3ed40237285f3255acc4feeae91b1fb183625331bad27da95973f7253d9
  languageName: node
  linkType: hard

"ansi-regex@npm:^5.0.1":
  version: 5.0.1
  resolution: "ansi-regex@npm:5.0.1"
  checksum: 2aa4bb54caf2d622f1afdad09441695af2a83aa3fe8b8afa581d205e57ed4261c183c4d3877cee25794443fde5876417d859c108078ab788d6af7e4fe52eb66b
  languageName: node
  linkType: hard

"ansi-styles@npm:^4.0.0":
  version: 4.3.0
  resolution: "ansi-styles@npm:4.3.0"
  dependencies:
    color-convert: ^2.0.1
  checksum: 513b44c3b2105dd14cc42a19271e80f386466c4be574bccf60b627432f9198571ebf4ab1e4c3ba17347658f4ee1711c163d574248c0c1cdc2d5917a0ad582ec4
  languageName: node
  linkType: hard

"astral-regex@npm:^2.0.0":
  version: 2.0.0
  resolution: "astral-regex@npm:2.0.0"
  checksum: 876231688c66400473ba505731df37ea436e574dd524520294cc3bbc54ea40334865e01fa0d074d74d036ee874ee7e62f486ea38bc421ee8e6a871c06f011766
  languageName: node
  linkType: hard

"bitecs@npm:0.3.40":
  version: 0.3.40
  resolution: "bitecs@npm:0.3.40"
  checksum: 527cb30a05d7d74ed2cb01655f4d722baaa7c987be750b0e8432fb0336b6f390cf7364125ead303e48133c18c78d8dba0a0f30cc06379abbd5e6d890acf01f44
  languageName: node
  linkType: hard

"camelcase@npm:6.0.0":
  version: 6.0.0
  resolution: "camelcase@npm:6.0.0"
  checksum: 28f42db097786fb9edb4a80af6cfa67331a9120e00323aaac925f0520797e79eaef9fd771c62b0403468bfd596e528e426863176ae8bb992d086dc991deabebb
  languageName: node
  linkType: hard

"chalk@npm:^5.3.0":
  version: 5.3.0
  resolution: "chalk@npm:5.3.0"
  checksum: 623922e077b7d1e9dedaea6f8b9e9352921f8ae3afe739132e0e00c275971bdd331268183b2628cf4ab1727c45ea1f28d7e24ac23ce1db1eb653c414ca8a5a80
  languageName: node
  linkType: hard

"color-convert@npm:^2.0.1":
  version: 2.0.1
  resolution: "color-convert@npm:2.0.1"
  dependencies:
    color-name: ~1.1.4
  checksum: 79e6bdb9fd479a205c71d89574fccfb22bd9053bd98c6c4d870d65c132e5e904e6034978e55b43d69fcaa7433af2016ee203ce76eeba9cfa554b373e7f7db336
  languageName: node
  linkType: hard

"color-name@npm:~1.1.4":
  version: 1.1.4
  resolution: "color-name@npm:1.1.4"
  checksum: b0445859521eb4021cd0fb0cc1a75cecf67fceecae89b63f62b201cca8d345baf8b952c966862a9d9a2632987d4f6581f0ec8d957dfacece86f0a7919316f610
  languageName: node
  linkType: hard

"ecsy@npm:0.4.2":
  version: 0.4.2
  resolution: "ecsy@npm:0.4.2"
  checksum: cd097f16cd2a32ae508c011361bbb876495c8ba33c5c695398b1c7c797fefd82ed356a6a20145c95f6314aade60528aa5116acfb5f542323988d2b43eab08c77
  languageName: node
  linkType: hard

"emoji-regex@npm:^8.0.0":
  version: 8.0.0
  resolution: "emoji-regex@npm:8.0.0"
  checksum: d4c5c39d5a9868b5fa152f00cada8a936868fd3367f33f71be515ecee4c803132d11b31a6222b2571b1e5f7e13890156a94880345594d0ce7e3c9895f560f192
  languageName: node
  linkType: hard

"eventery@npm:^0.0.4":
  version: 0.0.4
  resolution: "eventery@npm:0.0.4"
  checksum: 071415198d97decb7ac7caa4312cbf7aabe9d4bdc22aeeb54dab4a87c9e0687d4f03d9b30271f5627850b22c0bc640c66ceb58a3d61b19c1b8fc5fc208f7919d
  languageName: node
  linkType: hard

"fast-deep-equal@npm:^3.1.3":
  version: 3.1.3
  resolution: "fast-deep-equal@npm:3.1.3"
  checksum: e21a9d8d84f53493b6aa15efc9cfd53dd5b714a1f23f67fb5dc8f574af80df889b3bce25dc081887c6d25457cce704e636395333abad896ccdec03abaf1f3f9d
  languageName: node
  linkType: hard

"fast-uri@npm:^3.0.1":
  version: 3.0.1
  resolution: "fast-uri@npm:3.0.1"
  checksum: 106143ff83705995225dcc559411288f3337e732bb2e264e79788f1914b6bd8f8bc3683102de60b15ba00e6ebb443633cabac77d4ebc5cb228c47cf955e199ff
  languageName: node
  linkType: hard

"geotic@npm:4.3.2":
  version: 4.3.2
  resolution: "geotic@npm:4.3.2"
  dependencies:
    camelcase: 6.0.0
  checksum: cd2597fb0c4d1d1e4201a2ddd9e6e5be281a863edfee70654cec87825e390fb2d03f3a60ad96e1758335d895f27004db97b8dd48b7335706ebb929c332ef3f69
  languageName: node
  linkType: hard

"goodluck@npm:7.0.0":
  version: 7.0.0
  resolution: "goodluck@npm:7.0.0"
  checksum: 9087e6ac8295cebdb935782bde27040814a4d3b581d5f8059bdc645c95f52fbbcaf3116b05d0f5da54e787db863ca5018877cc8c2409e4e0e72158b4a7334413
  languageName: node
  linkType: hard

"harmony-ecs@npm:0.0.12":
  version: 0.0.12
  resolution: "harmony-ecs@npm:0.0.12"
  checksum: 5d1eac64d8ba74eb5c49cd28600da9f55ea2a8310ff3fe539e22cbe28c99ca1c3dad424afcbb04c7c434a0b91a7055e6c31a3fb06e016ae8862fd848ce07e948
  languageName: node
  linkType: hard

"is-fullwidth-code-point@npm:^3.0.0":
  version: 3.0.0
  resolution: "is-fullwidth-code-point@npm:3.0.0"
  checksum: 44a30c29457c7fb8f00297bce733f0a64cd22eca270f83e58c105e0d015e45c019491a4ab2faef91ab51d4738c670daff901c799f6a700e27f7314029e99e348
  languageName: node
  linkType: hard

"json-schema-traverse@npm:^1.0.0":
  version: 1.0.0
  resolution: "json-schema-traverse@npm:1.0.0"
  checksum: 02f2f466cdb0362558b2f1fd5e15cce82ef55d60cd7f8fa828cf35ba74330f8d767fcae5c5c2adb7851fa811766c694b9405810879bc4e1ddd78a7c0e03658ad
  languageName: node
  linkType: hard

"lodash.truncate@npm:^4.4.2":
  version: 4.4.2
  resolution: "lodash.truncate@npm:4.4.2"
  checksum: b463d8a382cfb5f0e71c504dcb6f807a7bd379ff1ea216669aa42c52fc28c54e404bfbd96791aa09e6df0de2c1d7b8f1b7f4b1a61f324d38fe98bc535aeee4f5
  languageName: node
  linkType: hard

"miniplex@npm:^2.0.0":
  version: 2.0.0
  resolution: "miniplex@npm:2.0.0"
  dependencies:
    "@hmans/id": ^0.0.1
    "@hmans/queue": ^0.0.1
    "@miniplex/bucket": 2.0.0
  checksum: 88e3087c04c005cd8e68b3240fa88e30d98eb0b41b39e08a2908a15e6e25f357ed0e24fe38c07287600874491d015822f3aede6b7cbeb21f0f4edc9b2fb8463d
  languageName: node
  linkType: hard

"perform-ecs@npm:0.7.8":
  version: 0.7.8
  resolution: "perform-ecs@npm:0.7.8"
  checksum: 56d2d24e13aa3f38f776d7170da7018e88c4aafe342032ffb87936784c64c6f50c68687bae2f3f4141e28cfc4f40abb3ce19cd93b2428a1e96fae3d91f0ad19d
  languageName: node
  linkType: hard

"picoes@npm:1.1.1":
  version: 1.1.1
  resolution: "picoes@npm:1.1.1"
  checksum: 9d7f735dbf49c3242cf934f889b97a794c3d165a844408026dbd4cafdd526053b8c0e497895d7cf3c42e15e3e38a2127e8f89dcfda00ed89e78b9050900cf0b5
  languageName: node
  linkType: hard

"piecs@npm:0.4.0":
  version: 0.4.0
  resolution: "piecs@npm:0.4.0"
  checksum: 87d4e1eb5ed80c8476922dc99776c9fe66aaf42c4e26040961c909e8f4a0ba1ed22297949d52665283b4469be089165e6952197b347c3aad3454b69dc1d11b91
  languageName: node
  linkType: hard

"prettier@npm:^3.3.3":
  version: 3.3.3
  resolution: "prettier@npm:3.3.3"
  bin:
    prettier: bin/prettier.cjs
  checksum: bc8604354805acfdde6106852d14b045bb20827ad76a5ffc2455b71a8257f94de93f17f14e463fe844808d2ccc87248364a5691488a3304f1031326e62d9276e
  languageName: node
  linkType: hard

"require-from-string@npm:^2.0.2":
  version: 2.0.2
  resolution: "require-from-string@npm:2.0.2"
  checksum: a03ef6895445f33a4015300c426699bc66b2b044ba7b670aa238610381b56d3f07c686251740d575e22f4c87531ba662d06937508f0f3c0f1ddc04db3130560b
  languageName: node
  linkType: hard

"root-workspace-0b6124@workspace:.":
  version: 0.0.0-use.local
  resolution: "root-workspace-0b6124@workspace:."
  dependencies:
    "@javelin/ecs": 0.22.0
    "@lastolivegames/becsy": 0.15.5
    "@types/node": ^22.4.2
    bitecs: 0.3.40
    chalk: ^5.3.0
    ecsy: 0.4.2
    geotic: 4.3.2
    goodluck: 7.0.0
    harmony-ecs: 0.0.12
    miniplex: ^2.0.0
    perform-ecs: 0.7.8
    picoes: 1.1.1
    piecs: 0.4.0
    prettier: ^3.3.3
    table: ^6.8.2
    tiny-ecs: 2.0.0
    uecs: 0.4.2
    wolf-ecs: 2.1.3
  languageName: unknown
  linkType: soft

"slice-ansi@npm:^4.0.0":
  version: 4.0.0
  resolution: "slice-ansi@npm:4.0.0"
  dependencies:
    ansi-styles: ^4.0.0
    astral-regex: ^2.0.0
    is-fullwidth-code-point: ^3.0.0
  checksum: 4a82d7f085b0e1b070e004941ada3c40d3818563ac44766cca4ceadd2080427d337554f9f99a13aaeb3b4a94d9964d9466c807b3d7b7541d1ec37ee32d308756
  languageName: node
  linkType: hard

"string-width@npm:^4.2.3":
  version: 4.2.3
  resolution: "string-width@npm:4.2.3"
  dependencies:
    emoji-regex: ^8.0.0
    is-fullwidth-code-point: ^3.0.0
    strip-ansi: ^6.0.1
  checksum: e52c10dc3fbfcd6c3a15f159f54a90024241d0f149cf8aed2982a2d801d2e64df0bf1dc351cf8e95c3319323f9f220c16e740b06faecd53e2462df1d2b5443fb
  languageName: node
  linkType: hard

"strip-ansi@npm:^6.0.1":
  version: 6.0.1
  resolution: "strip-ansi@npm:6.0.1"
  dependencies:
    ansi-regex: ^5.0.1
  checksum: f3cd25890aef3ba6e1a74e20896c21a46f482e93df4a06567cebf2b57edabb15133f1f94e57434e0a958d61186087b1008e89c94875d019910a213181a14fc8c
  languageName: node
  linkType: hard

"table@npm:^6.8.2":
  version: 6.8.2
  resolution: "table@npm:6.8.2"
  dependencies:
    ajv: ^8.0.1
    lodash.truncate: ^4.4.2
    slice-ansi: ^4.0.0
    string-width: ^4.2.3
    strip-ansi: ^6.0.1
  checksum: 61188652f53a980d1759ca460ca8dea5c5322aece3210457e7084882f053c2b6a870041295e08a82cb1d676e31b056406845d94b0abf3c79a4b104777bec413b
  languageName: node
  linkType: hard

"tiny-ecs@npm:2.0.0":
  version: 2.0.0
  resolution: "tiny-ecs@npm:2.0.0"
  dependencies:
    typedef: ~1.0.2
  checksum: 9adc0e55e1d6af2487f17c2013d58dbee5e92499aac470759a4294ca16518ecb8846c40ce9da0647c72a8bb1443956a49499165c8a7d693850ec263f25a5e332
  languageName: node
  linkType: hard

"typedef@npm:~1.0.2":
  version: 1.0.4
  resolution: "typedef@npm:1.0.4"
  checksum: 7767ffad43fe335a80fb2847aff0543a8987b64b13a7ffe9faf4ad1c1d7c8b7ff820e0c759879d65410a7165fd6aa7346f34a16dc1798fcc857aaccebb8d7c7b
  languageName: node
  linkType: hard

"uecs@npm:0.4.2":
  version: 0.4.2
  resolution: "uecs@npm:0.4.2"
  checksum: dd388dfa27fc9f9e1ee1002e4bcdad427e7c27fa677278e87214bf52254e501de513596cf734d00bd7700d54037086cbccd952ad35eba1078acbaf23e4092488
  languageName: node
  linkType: hard

"undici-types@npm:~6.19.2":
  version: 6.19.8
  resolution: "undici-types@npm:6.19.8"
  checksum: de51f1b447d22571cf155dfe14ff6d12c5bdaec237c765085b439c38ca8518fc360e88c70f99469162bf2e14188a7b0bcb06e1ed2dc031042b984b0bb9544017
  languageName: node
  linkType: hard

"wolf-ecs@npm:2.1.3":
  version: 2.1.3
  resolution: "wolf-ecs@npm:2.1.3"
  checksum: b0964c678db1999ea0d26cd6c11ccbf9657f1d672db58729a288502f73a1a9f5f9daa26e97af6c61515a8a20e132cc55352d4af52c90e3ad9e20fcfee2223f38
  languageName: node
  linkType: hard
